
Microsoft Visual Studio Solution File, Format Version 12.00
# Visual Studio 15
VisualStudioVersion = 15.0.33026.149
MinimumVisualStudioVersion = 10.0.40219.1
Project("{FAE04EC0-301F-11D3-BF4B-00C04F79EFBC}") = "RamsayStudent", "RamsayStudent\RamsayStudent.csproj", "{80C9C3AF-E0A4-4124-97E3-E29DF7161FD9}"
EndProject
Global
	GlobalSection(SolutionConfigurationPlatforms) = preSolution
		Debug|Any CPU = Debug|Any CPU
		Release|Any CPU = Release|Any CPU
	EndGlobalSection
	GlobalSection(ProjectConfigurationPlatforms) = postSolution
		{80C9C3AF-E0A4-4124-97E3-E29DF7161FD9}.Debug|Any CPU.ActiveCfg = Debug|Any CPU
		{80C9C3AF-E0A4-4124-97E3-E29DF7161FD9}.Debug|Any CPU.Build.0 = Debug|Any CPU
		{80C9C3AF-E0A4-4124-97E3-E29DF7161FD9}.Release|Any CPU.ActiveCfg = Release|Any CPU
		{80C9C3AF-E0A4-4124-97E3-E29DF7161FD9}.Release|Any CPU.Build.0 = Release|Any CPU
	EndGlobalSection
	GlobalSection(SolutionProperties) = preSolution
		HideSolutionNode = FALSE
	EndGlobalSection
	GlobalSection(ExtensibilityGlobals) = postSolution
		SolutionGuid = {C3595CFA-BDA5-4DD2-B3EF-9084095342E7}
	EndGlobalSection
EndGlobal
